// !$*UTF8*$!
{
	archiveVersion = 1;
	classes = {
	};
	objectVersion = 56;
	objects = {

/* Begin PBXBuildFile section */
		A10001010000000000000001 /* YggdrasilVPNApp.swift in Sources */ = {isa = PBXBuildFile; fileRef = A10001020000000000000001 /* YggdrasilVPNApp.swift */; };
		A10001010000000000000002 /* ContentView.swift in Sources */ = {isa = PBXBuildFile; fileRef = A10001020000000000000002 /* ContentView.swift */; };
		A10001010000000000000003 /* AddPeerView.swift in Sources */ = {isa = PBXBuildFile; fileRef = A10001020000000000000003 /* AddPeerView.swift */; };
		A10001010000000000000004 /* SettingsView.swift in Sources */ = {isa = PBXBuildFile; fileRef = A10001020000000000000004 /* SettingsView.swift */; };
		A10001010000000000000005 /* VPNManager.swift in Sources */ = {isa = PBXBuildFile; fileRef = A10001020000000000000005 /* VPNManager.swift */; };
		A10001010000000000000006 /* YggdrasilConfiguration.swift in Sources */ = {isa = PBXBuildFile; fileRef = A10001020000000000000006 /* YggdrasilConfiguration.swift */; };
		A10001010000000000000007 /* Assets.xcassets in Resources */ = {isa = PBXBuildFile; fileRef = A10001020000000000000007 /* Assets.xcassets */; };
		A10001010000000000000010 /* PacketTunnelProvider.swift in Sources */ = {isa = PBXBuildFile; fileRef = A10001020000000000000010 /* PacketTunnelProvider.swift */; };
		A10001010000000000000020 /* YggdrasilNetworkExtension.appex in Embed Foundation Extensions */ = {isa = PBXBuildFile; fileRef = A10001030000000000000002 /* YggdrasilNetworkExtension.appex */; settings = {ATTRIBUTES = (RemoveHeadersOnCopy, ); }; };
		A10001010000000000000030 /* NetworkExtension.framework in Frameworks */ = {isa = PBXBuildFile; fileRef = A10001040000000000000001 /* NetworkExtension.framework */; };
		A10001010000000000000031 /* NetworkExtension.framework in Frameworks */ = {isa = PBXBuildFile; fileRef = A10001040000000000000001 /* NetworkExtension.framework */; };
/* End PBXBuildFile section */

/* Begin PBXContainerItemProxy section */
		A10002010000000000000001 /* PBXContainerItemProxy */ = {
			isa = PBXContainerItemProxy;
			containerPortal = A10003010000000000000001 /* Project object */;
			proxyType = 1;
			remoteGlobalIDString = A10001030000000000000002;
			remoteInfo = YggdrasilNetworkExtension;
		};
/* End PBXContainerItemProxy section */

/* Begin PBXCopyFilesBuildPhase section */
		A10004010000000000000001 /* Embed Foundation Extensions */ = {
			isa = PBXCopyFilesBuildPhase;
			buildActionMask = 2147483647;
			dstPath = "";
			dstSubfolderSpec = 13;
			files = (
				A10001010000000000000020 /* YggdrasilNetworkExtension.appex in Embed Foundation Extensions */,
			);
			name = "Embed Foundation Extensions";
			runOnlyForDeploymentPostprocessing = 0;
		};
/* End PBXCopyFilesBuildPhase section */

/* Begin PBXFileReference section */
		A10001020000000000000001 /* YggdrasilVPNApp.swift */ = {isa = PBXFileReference; lastKnownFileType = sourcecode.swift; path = YggdrasilVPNApp.swift; sourceTree = "<group>"; };
		A10001020000000000000002 /* ContentView.swift */ = {isa = PBXFileReference; lastKnownFileType = sourcecode.swift; path = ContentView.swift; sourceTree = "<group>"; };
		A10001020000000000000003 /* AddPeerView.swift */ = {isa = PBXFileReference; lastKnownFileType = sourcecode.swift; path = AddPeerView.swift; sourceTree = "<group>"; };
		A10001020000000000000004 /* SettingsView.swift */ = {isa = PBXFileReference; lastKnownFileType = sourcecode.swift; path = SettingsView.swift; sourceTree = "<group>"; };
		A10001020000000000000005 /* VPNManager.swift */ = {isa = PBXFileReference; lastKnownFileType = sourcecode.swift; path = VPNManager.swift; sourceTree = "<group>"; };
		A10001020000000000000006 /* YggdrasilConfiguration.swift */ = {isa = PBXFileReference; lastKnownFileType = sourcecode.swift; path = YggdrasilConfiguration.swift; sourceTree = "<group>"; };
		A10001020000000000000007 /* Assets.xcassets */ = {isa = PBXFileReference; lastKnownFileType = folder.assetcatalog; path = Assets.xcassets; sourceTree = "<group>"; };
		A10001020000000000000008 /* Info.plist */ = {isa = PBXFileReference; lastKnownFileType = text.plist.xml; path = Info.plist; sourceTree = "<group>"; };
		A10001020000000000000009 /* YggdrasilVPN.entitlements */ = {isa = PBXFileReference; lastKnownFileType = text.plist.entitlements; path = YggdrasilVPN.entitlements; sourceTree = "<group>"; };
		A10001020000000000000010 /* PacketTunnelProvider.swift */ = {isa = PBXFileReference; lastKnownFileType = sourcecode.swift; path = PacketTunnelProvider.swift; sourceTree = "<group>"; };
		A10001020000000000000011 /* Info.plist */ = {isa = PBXFileReference; lastKnownFileType = text.plist.xml; path = Info.plist; sourceTree = "<group>"; };
		A10001020000000000000012 /* YggdrasilNetworkExtension.entitlements */ = {isa = PBXFileReference; lastKnownFileType = text.plist.entitlements; path = YggdrasilNetworkExtension.entitlements; sourceTree = "<group>"; };
		A10001030000000000000001 /* YggdrasilVPN.app */ = {isa = PBXFileReference; explicitFileType = wrapper.application; includeInIndex = 0; path = YggdrasilVPN.app; sourceTree = BUILT_PRODUCTS_DIR; };
		A10001030000000000000002 /* YggdrasilNetworkExtension.appex */ = {isa = PBXFileReference; explicitFileType = "wrapper.app-extension"; includeInIndex = 0; path = YggdrasilNetworkExtension.appex; sourceTree = BUILT_PRODUCTS_DIR; };
		A10001040000000000000001 /* NetworkExtension.framework */ = {isa = PBXFileReference; lastKnownFileType = wrapper.framework; name = NetworkExtension.framework; path = System/Library/Frameworks/NetworkExtension.framework; sourceTree = SDKROOT; };
/* End PBXFileReference section */

/* Begin PBXFrameworksBuildPhase section */
		A10005010000000000000001 /* Frameworks */ = {
			isa = PBXFrameworksBuildPhase;
			buildActionMask = 2147483647;
			files = (
				A10001010000000000000030 /* NetworkExtension.framework in Frameworks */,
			);
			runOnlyForDeploymentPostprocessing = 0;
		};
		A10005010000000000000002 /* Frameworks */ = {
			isa = PBXFrameworksBuildPhase;
			buildActionMask = 2147483647;
			files = (
				A10001010000000000000031 /* NetworkExtension.framework in Frameworks */,
			);
			runOnlyForDeploymentPostprocessing = 0;
		};
/* End PBXFrameworksBuildPhase section */

/* Begin PBXGroup section */
		A10006010000000000000001 = {
			isa = PBXGroup;
			children = (
				A10006010000000000000002 /* YggdrasilVPN */,
				A10006010000000000000006 /* YggdrasilNetworkExtension */,
				A10006010000000000000007 /* Frameworks */,
				A10006010000000000000008 /* Products */,
			);
			sourceTree = "<group>";
		};
		A10006010000000000000002 /* YggdrasilVPN */ = {
			isa = PBXGroup;
			children = (
				A10001020000000000000001 /* YggdrasilVPNApp.swift */,
				A10006010000000000000003 /* Views */,
				A10006010000000000000004 /* Services */,
				A10006010000000000000005 /* Models */,
				A10001020000000000000007 /* Assets.xcassets */,
				A10001020000000000000008 /* Info.plist */,
				A10001020000000000000009 /* YggdrasilVPN.entitlements */,
			);
			path = YggdrasilVPN;
			sourceTree = "<group>";
		};
		A10006010000000000000003 /* Views */ = {
			isa = PBXGroup;
			children = (
				A10001020000000000000002 /* ContentView.swift */,
				A10001020000000000000003 /* AddPeerView.swift */,
				A10001020000000000000004 /* SettingsView.swift */,
			);
			path = Views;
			sourceTree = "<group>";
		};
		A10006010000000000000004 /* Services */ = {
			isa = PBXGroup;
			children = (
				A10001020000000000000005 /* VPNManager.swift */,
			);
			path = Services;
			sourceTree = "<group>";
		};
		A10006010000000000000005 /* Models */ = {
			isa = PBXGroup;
			children = (
				A10001020000000000000006 /* YggdrasilConfiguration.swift */,
			);
			path = Models;
			sourceTree = "<group>";
		};
		A10006010000000000000006 /* YggdrasilNetworkExtension */ = {
			isa = PBXGroup;
			children = (
				A10001020000000000000010 /* PacketTunnelProvider.swift */,
				A10001020000000000000011 /* Info.plist */,
				A10001020000000000000012 /* YggdrasilNetworkExtension.entitlements */,
			);
			path = YggdrasilNetworkExtension;
			sourceTree = "<group>";
		};
		A10006010000000000000007 /* Frameworks */ = {
			isa = PBXGroup;
			children = (
				A10001040000000000000001 /* NetworkExtension.framework */,
			);
			name = Frameworks;
			sourceTree = "<group>";
		};
		A10006010000000000000008 /* Products */ = {
			isa = PBXGroup;
			children = (
				A10001030000000000000001 /* YggdrasilVPN.app */,
				A10001030000000000000002 /* YggdrasilNetworkExtension.appex */,
			);
			name = Products;
			sourceTree = "<group>";
		};
/* End PBXGroup section */

/* Begin PBXNativeTarget section */
		A10007010000000000000001 /* YggdrasilVPN */ = {
			isa = PBXNativeTarget;
			buildConfigurationList = A10008010000000000000001 /* Build configuration list for PBXNativeTarget "YggdrasilVPN" */;
			buildPhases = (
				A10009010000000000000001 /* Sources */,
				A10005010000000000000001 /* Frameworks */,
				A1000A010000000000000001 /* Resources */,
				A10004010000000000000001 /* Embed Foundation Extensions */,
			);
			buildRules = (
			);
			dependencies = (
				A1000B010000000000000001 /* PBXTargetDependency */,
			);
			name = YggdrasilVPN;
			productName = YggdrasilVPN;
			productReference = A10001030000000000000001 /* YggdrasilVPN.app */;
			productType = "com.apple.product-type.application";
		};
		A10007010000000000000002 /* YggdrasilNetworkExtension */ = {
			isa = PBXNativeTarget;
			buildConfigurationList = A10008010000000000000002 /* Build configuration list for PBXNativeTarget "YggdrasilNetworkExtension" */;
			buildPhases = (
				A10009010000000000000002 /* Sources */,
				A10005010000000000000002 /* Frameworks */,
				A1000A010000000000000002 /* Resources */,
			);
			buildRules = (
			);
			dependencies = (
			);
			name = YggdrasilNetworkExtension;
			productName = YggdrasilNetworkExtension;
			productReference = A10001030000000000000002 /* YggdrasilNetworkExtension.appex */;
			productType = "com.apple.product-type.app-extension";
		};
/* End PBXNativeTarget section */

/* Begin PBXProject section */
		A10003010000000000000001 /* Project object */ = {
			isa = PBXProject;
			attributes = {
				BuildIndependentTargetsInParallel = 1;
				LastSwiftUpdateCheck = 1500;
				LastUpgradeCheck = 1500;
				TargetAttributes = {
					A10007010000000000000001 = {
						CreatedOnToolsVersion = 15.0;
					};
					A10007010000000000000002 = {
						CreatedOnToolsVersion = 15.0;
					};
				};
			};
			buildConfigurationList = A10008010000000000000003 /* Build configuration list for PBXProject "YggdrasilVPN" */;
			compatibilityVersion = "Xcode 14.0";
			developmentRegion = en;
			hasScannedForEncodings = 0;
			knownRegions = (
				en,
				Base,
			);
			mainGroup = A10006010000000000000001;
			productRefGroup = A10006010000000000000008 /* Products */;
			projectDirPath = "";
			projectRoot = "";
			targets = (
				A10007010000000000000001 /* YggdrasilVPN */,
				A10007010000000000000002 /* YggdrasilNetworkExtension */,
			);
		};
/* End PBXProject section */

/* Begin PBXResourcesBuildPhase section */
		A1000A010000000000000001 /* Resources */ = {
			isa = PBXResourcesBuildPhase;
			buildActionMask = 2147483647;
			files = (
				A10001010000000000000007 /* Assets.xcassets in Resources */,
			);
			runOnlyForDeploymentPostprocessing = 0;
		};
		A1000A010000000000000002 /* Resources */ = {
			isa = PBXResourcesBuildPhase;
			buildActionMask = 2147483647;
			files = (
			);
			runOnlyForDeploymentPostprocessing = 0;
		};
/* End PBXResourcesBuildPhase section */

/* Begin PBXSourcesBuildPhase section */
		A10009010000000000000001 /* Sources */ = {
			isa = PBXSourcesBuildPhase;
			buildActionMask = 2147483647;
			files = (
				A10001010000000000000001 /* YggdrasilVPNApp.swift in Sources */,
				A10001010000000000000002 /* ContentView.swift in Sources */,
				A10001010000000000000003 /* AddPeerView.swift in Sources */,
				A10001010000000000000004 /* SettingsView.swift in Sources */,
				A10001010000000000000005 /* VPNManager.swift in Sources */,
				A10001010000000000000006 /* YggdrasilConfiguration.swift in Sources */,
			);
			runOnlyForDeploymentPostprocessing = 0;
		};
		A10009010000000000000002 /* Sources */ = {
			isa = PBXSourcesBuildPhase;
			buildActionMask = 2147483647;
			files = (
				A10001010000000000000010 /* PacketTunnelProvider.swift in Sources */,
			);
			runOnlyForDeploymentPostprocessing = 0;
		};
/* End PBXSourcesBuildPhase section */

/* Begin PBXTargetDependency section */
		A1000B010000000000000001 /* PBXTargetDependency */ = {
			isa = PBXTargetDependency;
			target = A10007010000000000000002 /* YggdrasilNetworkExtension */;
			targetProxy = A10002010000000000000001 /* PBXContainerItemProxy */;
		};
/* End PBXTargetDependency section */

/* Begin XCBuildConfiguration section */
		A1000C010000000000000001 /* Debug */ = {
			isa = XCBuildConfiguration;
			buildSettings = {
				ALWAYS_SEARCH_USER_PATHS = NO;
				ASSETCATALOG_COMPILER_GENERATE_SWIFT_ASSET_SYMBOL_EXTENSIONS = YES;
				CLANG_ANALYZER_NONNULL = YES;
				CLANG_ANALYZER_NUMBER_OBJECT_CONVERSION = YES_AGGRESSIVE;
				CLANG_CXX_LANGUAGE_STANDARD = "gnu++20";
				CLANG_ENABLE_MODULES = YES;
				CLANG_ENABLE_OBJC_ARC = YES;
				CLANG_ENABLE_OBJC_WEAK = YES;
				CLANG_WARN_BLOCK_CAPTURE_AUTORELEASING = YES;
				CLANG_WARN_BOOL_CONVERSION = YES;
				CLANG_WARN_COMMA = YES;
				CLANG_WARN_CONSTANT_CONVERSION = YES;
				CLANG_WARN_DEPRECATED_OBJC_IMPLEMENTATIONS = YES;
				CLANG_WARN_DIRECT_OBJC_ISA_USAGE = YES_ERROR;
				CLANG_WARN_DOCUMENTATION_COMMENTS = YES;
				CLANG_WARN_EMPTY_BODY = YES;
				CLANG_WARN_ENUM_CONVERSION = YES;
				CLANG_WARN_INFINITE_RECURSION = YES;
				CLANG_WARN_INT_CONVERSION = YES;
				CLANG_WARN_NON_LITERAL_NULL_CONVERSION = YES;
				CLANG_WARN_OBJC_IMPLICIT_RETAIN_SELF = YES;
				CLANG_WARN_OBJC_LITERAL_CONVERSION = YES;
				CLANG_WARN_OBJC_ROOT_CLASS = YES_ERROR;
				CLANG_WARN_QUOTED_INCLUDE_IN_FRAMEWORK_HEADER = YES;
				CLANG_WARN_RANGE_LOOP_ANALYSIS = YES;
				CLANG_WARN_STRICT_PROTOTYPES = YES;
				CLANG_WARN_SUSPICIOUS_MOVE = YES;
				CLANG_WARN_UNGUARDED_AVAILABILITY = YES_AGGRESSIVE;
				CLANG_WARN_UNREACHABLE_CODE = YES;
				CLANG_WARN__DUPLICATE_METHOD_MATCH = YES;
				COPY_PHASE_STRIP = NO;
				DEBUG_INFORMATION_FORMAT = dwarf;
				ENABLE_STRICT_OBJC_MSGSEND = YES;
				ENABLE_TESTABILITY = YES;
				ENABLE_USER_SCRIPT_SANDBOXING = YES;
				GCC_C_LANGUAGE_STANDARD = gnu17;
				GCC_DYNAMIC_NO_PIC = NO;
				GCC_NO_COMMON_BLOCKS = YES;
				GCC_OPTIMIZATION_LEVEL = 0;
				GCC_PREPROCESSOR_DEFINITIONS = (
					"DEBUG=1",
					"$(inherited)",
				);
				GCC_WARN_64_TO_32_BIT_CONVERSION = YES;
				GCC_WARN_ABOUT_RETURN_TYPE = YES_ERROR;
				GCC_WARN_UNDECLARED_SELECTOR = YES;
				GCC_WARN_UNINITIALIZED_AUTOS = YES_AGGRESSIVE;
				GCC_WARN_UNUSED_FUNCTION = YES;
				GCC_WARN_UNUSED_VARIABLE = YES;
				IPHONEOS_DEPLOYMENT_TARGET = 17.0;
				LOCALIZATION_PREFERS_STRING_CATALOGS = YES;
				MTL_ENABLE_DEBUG_INFO = INCLUDE_SOURCE;
				MTL_FAST_MATH = YES;
				ONLY_ACTIVE_ARCH = YES;
				SDKROOT = iphoneos;
				SWIFT_ACTIVE_COMPILATION_CONDITIONS = "DEBUG $(inherited)";
				SWIFT_OPTIMIZATION_LEVEL = "-Onone";
				SWIFT_VERSION = 5.0;
			};
			name = Debug;
		};
		A1000C010000000000000002 /* Release */ = {
			isa = XCBuildConfiguration;
			buildSettings = {
				ALWAYS_SEARCH_USER_PATHS = NO;
				ASSETCATALOG_COMPILER_GENERATE_SWIFT_ASSET_SYMBOL_EXTENSIONS = YES;
				CLANG_ANALYZER_NONNULL = YES;
				CLANG_ANALYZER_NUMBER_OBJECT_CONVERSION = YES_AGGRESSIVE;
				CLANG_CXX_LANGUAGE_STANDARD = "gnu++20";
				CLANG_ENABLE_MODULES = YES;
				CLANG_ENABLE_OBJC_ARC = YES;
				CLANG_ENABLE_OBJC_WEAK = YES;
				CLANG_WARN_BLOCK_CAPTURE_AUTORELEASING = YES;
				CLANG_WARN_BOOL_CONVERSION = YES;
				CLANG_WARN_COMMA = YES;
				CLANG_WARN_CONSTANT_CONVERSION = YES;
				CLANG_WARN_DEPRECATED_OBJC_IMPLEMENTATIONS = YES;
				CLANG_WARN_DIRECT_OBJC_ISA_USAGE = YES_ERROR;
				CLANG_WARN_DOCUMENTATION_COMMENTS = YES;
				CLANG_WARN_EMPTY_BODY = YES;
				CLANG_WARN_ENUM_CONVERSION = YES;
				CLANG_WARN_INFINITE_RECURSION = YES;
				CLANG_WARN_INT_CONVERSION = YES;
				CLANG_WARN_NON_LITERAL_NULL_CONVERSION = YES;
				CLANG_WARN_OBJC_IMPLICIT_RETAIN_SELF = YES;
				CLANG_WARN_OBJC_LITERAL_CONVERSION = YES;
				CLANG_WARN_OBJC_ROOT_CLASS = YES_ERROR;
				CLANG_WARN_QUOTED_INCLUDE_IN_FRAMEWORK_HEADER = YES;
				CLANG_WARN_RANGE_LOOP_ANALYSIS = YES;
				CLANG_WARN_STRICT_PROTOTYPES = YES;
				CLANG_WARN_SUSPICIOUS_MOVE = YES;
				CLANG_WARN_UNGUARDED_AVAILABILITY = YES_AGGRESSIVE;
				CLANG_WARN_UNREACHABLE_CODE = YES;
				CLANG_WARN__DUPLICATE_METHOD_MATCH = YES;
				COPY_PHASE_STRIP = NO;
				DEBUG_INFORMATION_FORMAT = "dwarf-with-dsym";
				ENABLE_NS_ASSERTIONS = NO;
				ENABLE_STRICT_OBJC_MSGSEND = YES;
				ENABLE_USER_SCRIPT_SANDBOXING = YES;
				GCC_C_LANGUAGE_STANDARD = gnu17;
				GCC_NO_COMMON_BLOCKS = YES;
				GCC_WARN_64_TO_32_BIT_CONVERSION = YES;
				GCC_WARN_ABOUT_RETURN_TYPE = YES_ERROR;
				GCC_WARN_UNDECLARED_SELECTOR = YES;
				GCC_WARN_UNINITIALIZED_AUTOS = YES_AGGRESSIVE;
				GCC_WARN_UNUSED_FUNCTION = YES;
				GCC_WARN_UNUSED_VARIABLE = YES;
				IPHONEOS_DEPLOYMENT_TARGET = 17.0;
				LOCALIZATION_PREFERS_STRING_CATALOGS = YES;
				MTL_ENABLE_DEBUG_INFO = NO;
				MTL_FAST_MATH = YES;
				SDKROOT = iphoneos;
				SWIFT_COMPILATION_MODE = wholemodule;
				SWIFT_VERSION = 5.0;
				VALIDATE_PRODUCT = YES;
			};
			name = Release;
		};
		A1000C010000000000000003 /* Debug */ = {
			isa = XCBuildConfiguration;
			buildSettings = {
				ASSETCATALOG_COMPILER_APPICON_NAME = AppIcon;
				ASSETCATALOG_COMPILER_GLOBAL_ACCENT_COLOR_NAME = AccentColor;
				CODE_SIGN_ENTITLEMENTS = YggdrasilVPN/YggdrasilVPN.entitlements;
				CODE_SIGN_STYLE = Automatic;
				CURRENT_PROJECT_VERSION = 1;
				DEVELOPMENT_TEAM = "";
				ENABLE_PREVIEWS = YES;
				GENERATE_INFOPLIST_FILE = NO;
				INFOPLIST_FILE = YggdrasilVPN/Info.plist;
				INFOPLIST_KEY_CFBundleDisplayName = Yggdrasil;
				INFOPLIST_KEY_UIApplicationSceneManifest_Generation = YES;
				INFOPLIST_KEY_UIApplicationSupportsIndirectInputEvents = YES;
				INFOPLIST_KEY_UILaunchScreen_Generation = YES;
				INFOPLIST_KEY_UISupportedInterfaceOrientations_iPad = "UIInterfaceOrientationPortrait UIInterfaceOrientationPortraitUpsideDown UIInterfaceOrientationLandscapeLeft UIInterfaceOrientationLandscapeRight";
				INFOPLIST_KEY_UISupportedInterfaceOrientations_iPhone = "UIInterfaceOrientationPortrait UIInterfaceOrientationLandscapeLeft UIInterfaceOrientationLandscapeRight";
				LD_RUNPATH_SEARCH_PATHS = (
					"$(inherited)",
					"@executable_path/Frameworks",
				);
				MARKETING_VERSION = 1.0;
				PRODUCT_BUNDLE_IDENTIFIER = ua.eliah.yggdrasil;
				PRODUCT_NAME = "$(TARGET_NAME)";
				SWIFT_EMIT_LOC_STRINGS = YES;
				SWIFT_VERSION = 5.0;
				TARGETED_DEVICE_FAMILY = "1,2";
			};
			name = Debug;
		};
		A1000C010000000000000004 /* Release */ = {
			isa = XCBuildConfiguration;
			buildSettings = {
				ASSETCATALOG_COMPILER_APPICON_NAME = AppIcon;
				ASSETCATALOG_COMPILER_GLOBAL_ACCENT_COLOR_NAME = AccentColor;
				CODE_SIGN_ENTITLEMENTS = YggdrasilVPN/YggdrasilVPN.entitlements;
				CODE_SIGN_STYLE = Automatic;
				CURRENT_PROJECT_VERSION = 1;
				DEVELOPMENT_TEAM = "";
				ENABLE_PREVIEWS = YES;
				GENERATE_INFOPLIST_FILE = NO;
				INFOPLIST_FILE = YggdrasilVPN/Info.plist;
				INFOPLIST_KEY_CFBundleDisplayName = Yggdrasil;
				INFOPLIST_KEY_UIApplicationSceneManifest_Generation = YES;
				INFOPLIST_KEY_UIApplicationSupportsIndirectInputEvents = YES;
				INFOPLIST_KEY_UILaunchScreen_Generation = YES;
				INFOPLIST_KEY_UISupportedInterfaceOrientations_iPad = "UIInterfaceOrientationPortrait UIInterfaceOrientationPortraitUpsideDown UIInterfaceOrientationLandscapeLeft UIInterfaceOrientationLandscapeRight";
				INFOPLIST_KEY_UISupportedInterfaceOrientations_iPhone = "UIInterfaceOrientationPortrait UIInterfaceOrientationLandscapeLeft UIInterfaceOrientationLandscapeRight";
				LD_RUNPATH_SEARCH_PATHS = (
					"$(inherited)",
					"@executable_path/Frameworks",
				);
				MARKETING_VERSION = 1.0;
				PRODUCT_BUNDLE_IDENTIFIER = ua.eliah.yggdrasil;
				PRODUCT_NAME = "$(TARGET_NAME)";
				SWIFT_EMIT_LOC_STRINGS = YES;
				SWIFT_VERSION = 5.0;
				TARGETED_DEVICE_FAMILY = "1,2";
			};
			name = Release;
		};
		A1000C010000000000000005 /* Debug */ = {
			isa = XCBuildConfiguration;
			buildSettings = {
				CODE_SIGN_ENTITLEMENTS = YggdrasilNetworkExtension/YggdrasilNetworkExtension.entitlements;
				CODE_SIGN_STYLE = Automatic;
				CURRENT_PROJECT_VERSION = 1;
				DEVELOPMENT_TEAM = "";
				GENERATE_INFOPLIST_FILE = NO;
				INFOPLIST_FILE = YggdrasilNetworkExtension/Info.plist;
				INFOPLIST_KEY_CFBundleDisplayName = "Yggdrasil Network Extension";
				INFOPLIST_KEY_NSHumanReadableCopyright = "";
				LD_RUNPATH_SEARCH_PATHS = (
					"$(inherited)",
					"@executable_path/Frameworks",
					"@executable_path/../../Frameworks",
				);
				MARKETING_VERSION = 1.0;
				PRODUCT_BUNDLE_IDENTIFIER = "ua.eliah.yggdrasil.network-extension";
				PRODUCT_NAME = "$(TARGET_NAME)";
				SKIP_INSTALL = YES;
				SWIFT_EMIT_LOC_STRINGS = YES;
				SWIFT_VERSION = 5.0;
				TARGETED_DEVICE_FAMILY = "1,2";
			};
			name = Debug;
		};
		A1000C010000000000000006 /* Release */ = {
			isa = XCBuildConfiguration;
			buildSettings = {
				CODE_SIGN_ENTITLEMENTS = YggdrasilNetworkExtension/YggdrasilNetworkExtension.entitlements;
				CODE_SIGN_STYLE = Automatic;
				CURRENT_PROJECT_VERSION = 1;
				DEVELOPMENT_TEAM = "";
				GENERATE_INFOPLIST_FILE = NO;
				INFOPLIST_FILE = YggdrasilNetworkExtension/Info.plist;
				INFOPLIST_KEY_CFBundleDisplayName = "Yggdrasil Network Extension";
				INFOPLIST_KEY_NSHumanReadableCopyright = "";
				LD_RUNPATH_SEARCH_PATHS = (
					"$(inherited)",
					"@executable_path/Frameworks",
					"@executable_path/../../Frameworks",
				);
				MARKETING_VERSION = 1.0;
				PRODUCT_BUNDLE_IDENTIFIER = "ua.eliah.yggdrasil.network-extension";
				PRODUCT_NAME = "$(TARGET_NAME)";
				SKIP_INSTALL = YES;
				SWIFT_EMIT_LOC_STRINGS = YES;
				SWIFT_VERSION = 5.0;
				TARGETED_DEVICE_FAMILY = "1,2";
			};
			name = Release;
		};
/* End XCBuildConfiguration section */

/* Begin XCConfigurationList section */
		A10008010000000000000001 /* Build configuration list for PBXNativeTarget "YggdrasilVPN" */ = {
			isa = XCConfigurationList;
			buildConfigurations = (
				A1000C010000000000000003 /* Debug */,
				A1000C010000000000000004 /* Release */,
			);
			defaultConfigurationIsVisible = 0;
			defaultConfigurationName = Release;
		};
		A10008010000000000000002 /* Build configuration list for PBXNativeTarget "YggdrasilNetworkExtension" */ = {
			isa = XCConfigurationList;
			buildConfigurations = (
				A1000C010000000000000005 /* Debug */,
				A1000C010000000000000006 /* Release */,
			);
			defaultConfigurationIsVisible = 0;
			defaultConfigurationName = Release;
		};
		A10008010000000000000003 /* Build configuration list for PBXProject "YggdrasilVPN" */ = {
			isa = XCConfigurationList;
			buildConfigurations = (
				A1000C010000000000000001 /* Debug */,
				A1000C010000000000000002 /* Release */,
			);
			defaultConfigurationIsVisible = 0;
			defaultConfigurationName = Release;
		};
/* End XCConfigurationList section */
	};
	rootObject = A10003010000000000000001 /* Project object */;
}
